// !$*UTF8*$!
{
	archiveVersion = 1;
	classes = {
	};
	objectVersion = 46;
	objects = {

/* Begin PBXBuildFile section */
		5D4A82821A6D27DE005E9BF0 /* main.m in Sources */ = {isa = PBXBuildFile; fileRef = 5D4A82811A6D27DE005E9BF0 /* main.m */; };
		5D4A82851A6D27DE005E9BF0 /* AppDelegate.m in Sources */ = {isa = PBXBuildFile; fileRef = 5D4A82841A6D27DE005E9BF0 /* AppDelegate.m */; };
		5D4A82881A6D27DE005E9BF0 /* ViewController.m in Sources */ = {isa = PBXBuildFile; fileRef = 5D4A82871A6D27DE005E9BF0 /* ViewController.m */; };
		5D4A828B1A6D27DE005E9BF0 /* Main.storyboard in Resources */ = {isa = PBXBuildFile; fileRef = 5D4A82891A6D27DE005E9BF0 /* Main.storyboard */; };
		5D4A828D1A6D27DE005E9BF0 /* Images.xcassets in Resources */ = {isa = PBXBuildFile; fileRef = 5D4A828C1A6D27DE005E9BF0 /* Images.xcassets */; };
		5D4A82901A6D27DE005E9BF0 /* LaunchScreen.xib in Resources */ = {isa = PBXBuildFile; fileRef = 5D4A828E1A6D27DE005E9BF0 /* LaunchScreen.xib */; };
		5D4A829C1A6D27DE005E9BF0 /* CutreGramTests.m in Sources */ = {isa = PBXBuildFile; fileRef = 5D4A829B1A6D27DE005E9BF0 /* CutreGramTests.m */; };
/* End PBXBuildFile section */

/* Begin PBXContainerItemProxy section */
		5D4A82961A6D27DE005E9BF0 /* PBXContainerItemProxy */ = {
			isa = PBXContainerItemProxy;
			containerPortal = 5D4A82741A6D27DE005E9BF0 /* Project object */;
			proxyType = 1;
			remoteGlobalIDString = 5D4A827B1A6D27DE005E9BF0;
			remoteInfo = CutreGram;
		};
/* End PBXContainerItemProxy section */

/* Begin PBXFileReference section */
		5D4A827C1A6D27DE005E9BF0 /* CutreGram.app */ = {isa = PBXFileReference; explicitFileType = wrapper.application; includeInIndex = 0; path = CutreGram.app; sourceTree = BUILT_PRODUCTS_DIR; };
		5D4A82801A6D27DE005E9BF0 /* Info.plist */ = {isa = PBXFileReference; lastKnownFileType = text.plist.xml; path = Info.plist; sourceTree = "<group>"; };
		5D4A82811A6D27DE005E9BF0 /* main.m */ = {isa = PBXFileReference; lastKnownFileType = sourcecode.c.objc; path = main.m; sourceTree = "<group>"; };
		5D4A82831A6D27DE005E9BF0 /* AppDelegate.h */ = {isa = PBXFileReference; lastKnownFileType = sourcecode.c.h; path = AppDelegate.h; sourceTree = "<group>"; };
		5D4A82841A6D27DE005E9BF0 /* AppDelegate.m */ = {isa = PBXFileReference; lastKnownFileType = sourcecode.c.objc; path = AppDelegate.m; sourceTree = "<group>"; };
		5D4A82861A6D27DE005E9BF0 /* ViewController.h */ = {isa = PBXFileReference; lastKnownFileType = sourcecode.c.h; path = ViewController.h; sourceTree = "<group>"; };
		5D4A82871A6D27DE005E9BF0 /* ViewController.m */ = {isa = PBXFileReference; lastKnownFileType = sourcecode.c.objc; path = ViewController.m; sourceTree = "<group>"; };
		5D4A828A1A6D27DE005E9BF0 /* Base */ = {isa = PBXFileReference; lastKnownFileType = file.storyboard; name = Base; path = Base.lproj/Main.storyboard; sourceTree = "<group>"; };
		5D4A828C1A6D27DE005E9BF0 /* Images.xcassets */ = {isa = PBXFileReference; lastKnownFileType = folder.assetcatalog; path = Images.xcassets; sourceTree = "<group>"; };
		5D4A828F1A6D27DE005E9BF0 /* Base */ = {isa = PBXFileReference; lastKnownFileType = file.xib; name = Base; path = Base.lproj/LaunchScreen.xib; sourceTree = "<group>"; };
		5D4A82951A6D27DE005E9BF0 /* CutreGramTests.xctest */ = {isa = PBXFileReference; explicitFileType = wrapper.cfbundle; includeInIndex = 0; path = CutreGramTests.xctest; sourceTree = BUILT_PRODUCTS_DIR; };
		5D4A829A1A6D27DE005E9BF0 /* Info.plist */ = {isa = PBXFileReference; lastKnownFileType = text.plist.xml; path = Info.plist; sourceTree = "<group>"; };
		5D4A829B1A6D27DE005E9BF0 /* CutreGramTests.m */ = {isa = PBXFileReference; lastKnownFileType = sourcecode.c.objc; path = CutreGramTests.m; sourceTree = "<group>"; };
/* End PBXFileReference section */

/* Begin PBXFrameworksBuildPhase section */
		5D4A82791A6D27DE005E9BF0 /* Frameworks */ = {
			isa = PBXFrameworksBuildPhase;
			buildActionMask = 2147483647;
			files = (
			);
			runOnlyForDeploymentPostprocessing = 0;
		};
		5D4A82921A6D27DE005E9BF0 /* Frameworks */ = {
			isa = PBXFrameworksBuildPhase;
			buildActionMask = 2147483647;
			files = (
			);
			runOnlyForDeploymentPostprocessing = 0;
		};
/* End PBXFrameworksBuildPhase section */

/* Begin PBXGroup section */
		5D4A82731A6D27DE005E9BF0 = {
			isa = PBXGroup;
			children = (
				5D4A827E1A6D27DE005E9BF0 /* CutreGram */,
				5D4A82981A6D27DE005E9BF0 /* CutreGramTests */,
				5D4A827D1A6D27DE005E9BF0 /* Products */,
			);
			sourceTree = "<group>";
		};
		5D4A827D1A6D27DE005E9BF0 /* Products */ = {
			isa = PBXGroup;
			children = (
				5D4A827C1A6D27DE005E9BF0 /* CutreGram.app */,
				5D4A82951A6D27DE005E9BF0 /* CutreGramTests.xctest */,
			);
			name = Products;
			sourceTree = "<group>";
		};
		5D4A827E1A6D27DE005E9BF0 /* CutreGram */ = {
			isa = PBXGroup;
			children = (
				5D4A82831A6D27DE005E9BF0 /* AppDelegate.h */,
				5D4A82841A6D27DE005E9BF0 /* AppDelegate.m */,
				5D4A82861A6D27DE005E9BF0 /* ViewController.h */,
				5D4A82871A6D27DE005E9BF0 /* ViewController.m */,
				5D4A82891A6D27DE005E9BF0 /* Main.storyboard */,
				5D4A828C1A6D27DE005E9BF0 /* Images.xcassets */,
				5D4A828E1A6D27DE005E9BF0 /* LaunchScreen.xib */,
				5D4A827F1A6D27DE005E9BF0 /* Supporting Files */,
			);
			path = CutreGram;
			sourceTree = "<group>";
		};
		5D4A827F1A6D27DE005E9BF0 /* Supporting Files */ = {
			isa = PBXGroup;
			children = (
				5D4A82801A6D27DE005E9BF0 /* Info.plist */,
				5D4A82811A6D27DE005E9BF0 /* main.m */,
			);
			name = "Supporting Files";
			sourceTree = "<group>";
		};
		5D4A82981A6D27DE005E9BF0 /* CutreGramTests */ = {
			isa = PBXGroup;
			children = (
				5D4A829B1A6D27DE005E9BF0 /* CutreGramTests.m */,
				5D4A82991A6D27DE005E9BF0 /* Supporting Files */,
			);
			path = CutreGramTests;
			sourceTree = "<group>";
		};
		5D4A82991A6D27DE005E9BF0 /* Supporting Files */ = {
			isa = PBXGroup;
			children = (
				5D4A829A1A6D27DE005E9BF0 /* Info.plist */,
			);
			name = "Supporting Files";
			sourceTree = "<group>";
		};
/* End PBXGroup section */

/* Begin PBXNativeTarget section */
		5D4A827B1A6D27DE005E9BF0 /* CutreGram */ = {
			isa = PBXNativeTarget;
			buildConfigurationList = 5D4A829F1A6D27DE005E9BF0 /* Build configuration list for PBXNativeTarget "CutreGram" */;
			buildPhases = (
				5D4A82781A6D27DE005E9BF0 /* Sources */,
				5D4A82791A6D27DE005E9BF0 /* Frameworks */,
				5D4A827A1A6D27DE005E9BF0 /* Resources */,
			);
			buildRules = (
			);
			dependencies = (
			);
			name = CutreGram;
			productName = CutreGram;
			productReference = 5D4A827C1A6D27DE005E9BF0 /* CutreGram.app */;
			productType = "com.apple.product-type.application";
		};
		5D4A82941A6D27DE005E9BF0 /* CutreGramTests */ = {
			isa = PBXNativeTarget;
			buildConfigurationList = 5D4A82A21A6D27DE005E9BF0 /* Build configuration list for PBXNativeTarget "CutreGramTests" */;
			buildPhases = (
				5D4A82911A6D27DE005E9BF0 /* Sources */,
				5D4A82921A6D27DE005E9BF0 /* Frameworks */,
				5D4A82931A6D27DE005E9BF0 /* Resources */,
			);
			buildRules = (
			);
			dependencies = (
				5D4A82971A6D27DE005E9BF0 /* PBXTargetDependency */,
			);
			name = CutreGramTests;
			productName = CutreGramTests;
			productReference = 5D4A82951A6D27DE005E9BF0 /* CutreGramTests.xctest */;
			productType = "com.apple.product-type.bundle.unit-test";
		};
/* End PBXNativeTarget section */

/* Begin PBXProject section */
		5D4A82741A6D27DE005E9BF0 /* Project object */ = {
			isa = PBXProject;
			attributes = {
				LastUpgradeCheck = 0610;
				ORGANIZATIONNAME = cloudonmobile;
				TargetAttributes = {
					5D4A827B1A6D27DE005E9BF0 = {
						CreatedOnToolsVersion = 6.1.1;
					};
					5D4A82941A6D27DE005E9BF0 = {
						CreatedOnToolsVersion = 6.1.1;
						TestTargetID = 5D4A827B1A6D27DE005E9BF0;
					};
				};
			};
			buildConfigurationList = 5D4A82771A6D27DE005E9BF0 /* Build configuration list for PBXProject "CutreGram" */;
			compatibilityVersion = "Xcode 3.2";
			developmentRegion = English;
			hasScannedForEncodings = 0;
			knownRegions = (
				en,
				Base,
			);
			mainGroup = 5D4A82731A6D27DE005E9BF0;
			productRefGroup = 5D4A827D1A6D27DE005E9BF0 /* Products */;
			projectDirPath = "";
			projectRoot = "";
			targets = (
				5D4A827B1A6D27DE005E9BF0 /* CutreGram */,
				5D4A82941A6D27DE005E9BF0 /* CutreGramTests */,
			);
		};
/* End PBXProject section */

/* Begin PBXResourcesBuildPhase section */
		5D4A827A1A6D27DE005E9BF0 /* Resources */ = {
			isa = PBXResourcesBuildPhase;
			buildActionMask = 2147483647;
			files = (
				5D4A828B1A6D27DE005E9BF0 /* Main.storyboard in Resources */,
				5D4A82901A6D27DE005E9BF0 /* LaunchScreen.xib in Resources */,
				5D4A828D1A6D27DE005E9BF0 /* Images.xcassets in Resources */,
			);
			runOnlyForDeploymentPostprocessing = 0;
		};
		5D4A82931A6D27DE005E9BF0 /* Resources */ = {
			isa = PBXResourcesBuildPhase;
			buildActionMask = 2147483647;
			files = (
			);
			runOnlyForDeploymentPostprocessing = 0;
		};
/* End PBXResourcesBuildPhase section */

/* Begin PBXSourcesBuildPhase section */
		5D4A82781A6D27DE005E9BF0 /* Sources */ = {
			isa = PBXSourcesBuildPhase;
			buildActionMask = 2147483647;
			files = (
				5D4A82881A6D27DE005E9BF0 /* ViewController.m in Sources */,
				5D4A82851A6D27DE005E9BF0 /* AppDelegate.m in Sources */,
				5D4A82821A6D27DE005E9BF0 /* main.m in Sources */,
			);
			runOnlyForDeploymentPostprocessing = 0;
		};
		5D4A82911A6D27DE005E9BF0 /* Sources */ = {
			isa = PBXSourcesBuildPhase;
			buildActionMask = 2147483647;
			files = (
				5D4A829C1A6D27DE005E9BF0 /* CutreGramTests.m in Sources */,
			);
			runOnlyForDeploymentPostprocessing = 0;
		};
/* End PBXSourcesBuildPhase section */

/* Begin PBXTargetDependency section */
		5D4A82971A6D27DE005E9BF0 /* PBXTargetDependency */ = {
			isa = PBXTargetDependency;
			target = 5D4A827B1A6D27DE005E9BF0 /* CutreGram */;
			targetProxy = 5D4A82961A6D27DE005E9BF0 /* PBXContainerItemProxy */;
		};
/* End PBXTargetDependency section */

/* Begin PBXVariantGroup section */
		5D4A82891A6D27DE005E9BF0 /* Main.storyboard */ = {
			isa = PBXVariantGroup;
			children = (
				5D4A828A1A6D27DE005E9BF0 /* Base */,
			);
			name = Main.storyboard;
			sourceTree = "<group>";
		};
		5D4A828E1A6D27DE005E9BF0 /* LaunchScreen.xib */ = {
			isa = PBXVariantGroup;
			children = (
				5D4A828F1A6D27DE005E9BF0 /* Base */,
			);
			name = LaunchScreen.xib;
			sourceTree = "<group>";
		};
/* End PBXVariantGroup section */

/* Begin XCBuildConfiguration section */
		5D4A829D1A6D27DE005E9BF0 /* Debug */ = {
			isa = XCBuildConfiguration;
			buildSettings = {
				ALWAYS_SEARCH_USER_PATHS = NO;
				CLANG_CXX_LANGUAGE_STANDARD = "gnu++0x";
				CLANG_CXX_LIBRARY = "libc++";
				CLANG_ENABLE_MODULES = YES;
				CLANG_ENABLE_OBJC_ARC = YES;
				CLANG_WARN_BOOL_CONVERSION = YES;
				CLANG_WARN_CONSTANT_CONVERSION = YES;
				CLANG_WARN_DIRECT_OBJC_ISA_USAGE = YES_ERROR;
				CLANG_WARN_EMPTY_BODY = YES;
				CLANG_WARN_ENUM_CONVERSION = YES;
				CLANG_WARN_INT_CONVERSION = YES;
				CLANG_WARN_OBJC_ROOT_CLASS = YES_ERROR;
				CLANG_WARN_UNREACHABLE_CODE = YES;
				CLANG_WARN__DUPLICATE_METHOD_MATCH = YES;
				"CODE_SIGN_IDENTITY[sdk=iphoneos*]" = "iPhone Developer";
				COPY_PHASE_STRIP = NO;
				ENABLE_STRICT_OBJC_MSGSEND = YES;
				GCC_C_LANGUAGE_STANDARD = gnu99;
				GCC_DYNAMIC_NO_PIC = NO;
				GCC_OPTIMIZATION_LEVEL = 0;
				GCC_PREPROCESSOR_DEFINITIONS = (
					"DEBUG=1",
					"$(inherited)",
				);
				GCC_SYMBOLS_PRIVATE_EXTERN = NO;
				GCC_WARN_64_TO_32_BIT_CONVERSION = YES;
				GCC_WARN_ABOUT_RETURN_TYPE = YES_ERROR;
				GCC_WARN_UNDECLARED_SELECTOR = YES;
				GCC_WARN_UNINITIALIZED_AUTOS = YES_AGGRESSIVE;
				GCC_WARN_UNUSED_FUNCTION = YES;
				GCC_WARN_UNUSED_VARIABLE = YES;
				IPHONEOS_DEPLOYMENT_TARGET = 8.1;
				MTL_ENABLE_DEBUG_INFO = YES;
				ONLY_ACTIVE_ARCH = YES;
				SDKROOT = iphoneos;
			};
			name = Debug;
		};
		5D4A829E1A6D27DE005E9BF0 /* Release */ = {
			isa = XCBuildConfiguration;
			buildSettings = {
				ALWAYS_SEARCH_USER_PATHS = NO;
				CLANG_CXX_LANGUAGE_STANDARD = "gnu++0x";
				CLANG_CXX_LIBRARY = "libc++";
				CLANG_ENABLE_MODULES = YES;
				CLANG_ENABLE_OBJC_ARC = YES;
				CLANG_WARN_BOOL_CONVERSION = YES;
				CLANG_WARN_CONSTANT_CONVERSION = YES;
				CLANG_WARN_DIRECT_OBJC_ISA_USAGE = YES_ERROR;
				CLANG_WARN_EMPTY_BODY = YES;
				CLANG_WARN_ENUM_CONVERSION = YES;
				CLANG_WARN_INT_CONVERSION = YES;
				CLANG_WARN_OBJC_ROOT_CLASS = YES_ERROR;
				CLANG_WARN_UNREACHABLE_CODE = YES;
				CLANG_WARN__DUPLICATE_METHOD_MATCH = YES;
				"CODE_SIGN_IDENTITY[sdk=iphoneos*]" = "iPhone Developer";
				COPY_PHASE_STRIP = YES;
				ENABLE_NS_ASSERTIONS = NO;
				ENABLE_STRICT_OBJC_MSGSEND = YES;
				GCC_C_LANGUAGE_STANDARD = gnu99;
				GCC_WARN_64_TO_32_BIT_CONVERSION = YES;
				GCC_WARN_ABOUT_RETURN_TYPE = YES_ERROR;
				GCC_WARN_UNDECLARED_SELECTOR = YES;
				GCC_WARN_UNINITIALIZED_AUTOS = YES_AGGRESSIVE;
				GCC_WARN_UNUSED_FUNCTION = YES;
				GCC_WARN_UNUSED_VARIABLE = YES;
				IPHONEOS_DEPLOYMENT_TARGET = 8.1;
				MTL_ENABLE_DEBUG_INFO = NO;
				SDKROOT = iphoneos;
				VALIDATE_PRODUCT = YES;
			};
			name = Release;
		};
		5D4A82A01A6D27DE005E9BF0 /* Debug */ = {
			isa = XCBuildConfiguration;
			buildSettings = {
				ASSETCATALOG_COMPILER_APPICON_NAME = AppIcon;
				INFOPLIST_FILE = CutreGram/Info.plist;
				LD_RUNPATH_SEARCH_PATHS = "$(inherited) @executable_path/Frameworks";
				PRODUCT_NAME = "$(TARGET_NAME)";
			};
			name = Debug;
		};
		5D4A82A11A6D27DE005E9BF0 /* Release */ = {
			isa = XCBuildConfiguration;
			buildSettings = {
				ASSETCATALOG_COMPILER_APPICON_NAME = AppIcon;
				INFOPLIST_FILE = CutreGram/Info.plist;
				LD_RUNPATH_SEARCH_PATHS = "$(inherited) @executable_path/Frameworks";
				PRODUCT_NAME = "$(TARGET_NAME)";
			};
			name = Release;
		};
		5D4A82A31A6D27DE005E9BF0 /* Debug */ = {
			isa = XCBuildConfiguration;
			buildSettings = {
				BUNDLE_LOADER = "$(TEST_HOST)";
				FRAMEWORK_SEARCH_PATHS = (
					"$(SDKROOT)/Developer/Library/Frameworks",
					"$(inherited)",
				);
				GCC_PREPROCESSOR_DEFINITIONS = (
					"DEBUG=1",
					"$(inherited)",
				);
				INFOPLIST_FILE = CutreGramTests/Info.plist;
				LD_RUNPATH_SEARCH_PATHS = "$(inherited) @executable_path/Frameworks @loader_path/Frameworks";
				PRODUCT_NAME = "$(TARGET_NAME)";
				TEST_HOST = "$(BUILT_PRODUCTS_DIR)/CutreGram.app/CutreGram";
			};
			name = Debug;
		};
		5D4A82A41A6D27DE005E9BF0 /* Release */ = {
			isa = XCBuildConfiguration;
			buildSettings = {
				BUNDLE_LOADER = "$(TEST_HOST)";
				FRAMEWORK_SEARCH_PATHS = (
					"$(SDKROOT)/Developer/Library/Frameworks",
					"$(inherited)",
				);
				INFOPLIST_FILE = CutreGramTests/Info.plist;
				LD_RUNPATH_SEARCH_PATHS = "$(inherited) @executable_path/Frameworks @loader_path/Frameworks";
				PRODUCT_NAME = "$(TARGET_NAME)";
				TEST_HOST = "$(BUILT_PRODUCTS_DIR)/CutreGram.app/CutreGram";
			};
			name = Release;
		};
/* End XCBuildConfiguration section */

/* Begin XCConfigurationList section */
		5D4A82771A6D27DE005E9BF0 /* Build configuration list for PBXProject "CutreGram" */ = {
			isa = XCConfigurationList;
			buildConfigurations = (
				5D4A829D1A6D27DE005E9BF0 /* Debug */,
				5D4A829E1A6D27DE005E9BF0 /* Release */,
			);
			defaultConfigurationIsVisible = 0;
			defaultConfigurationName = Release;
		};
		5D4A829F1A6D27DE005E9BF0 /* Build configuration list for PBXNativeTarget "CutreGram" */ = {
			isa = XCConfigurationList;
			buildConfigurations = (
				5D4A82A01A6D27DE005E9BF0 /* Debug */,
				5D4A82A11A6D27DE005E9BF0 /* Release */,
			);
			defaultConfigurationIsVisible = 0;
		};
		5D4A82A21A6D27DE005E9BF0 /* Build configuration list for PBXNativeTarget "CutreGramTests" */ = {
			isa = XCConfigurationList;
			buildConfigurations = (
				5D4A82A31A6D27DE005E9BF0 /* Debug */,
				5D4A82A41A6D27DE005E9BF0 /* Release */,
			);
			defaultConfigurationIsVisible = 0;
		};
/* End XCConfigurationList section */
	};
	rootObject = 5D4A82741A6D27DE005E9BF0 /* Project object */;
}
